
Microsoft Visual Studio Solution File, Format Version 12.00
# Visual Studio Version 18
VisualStudioVersion = 18.5.11723.231 stable
MinimumVisualStudioVersion = 10.0.40219.1
Project("{FAE04EC0-301F-11D3-BF4B-00C04F79EFBC}") = "GymManagementSystem.Api", "GymManagementSystem.Api\GymManagementSystem.Api.csproj", "{D284517A-AA5C-4CF3-AEB8-28B043379958}"
EndProject
Project("{FAE04EC0-301F-11D3-BF4B-00C04F79EFBC}") = "GymManagementSystem.Tests", "GymManagementSystem.Tests\GymManagementSystem.Tests.csproj", "{B749EFD4-677D-4C08-8851-1A30F817882F}"
EndProject
Global
	GlobalSection(SolutionConfigurationPlatforms) = preSolution
		Debug|Any CPU = Debug|Any CPU
		Release|Any CPU = Release|Any CPU
	EndGlobalSection
	GlobalSection(ProjectConfigurationPlatforms) = postSolution
		{D284517A-AA5C-4CF3-AEB8-28B043379958}.Debug|Any CPU.ActiveCfg = Debug|Any CPU
		{D284517A-AA5C-4CF3-AEB8-28B043379958}.Debug|Any CPU.Build.0 = Debug|Any CPU
		{D284517A-AA5C-4CF3-AEB8-28B043379958}.Release|Any CPU.ActiveCfg = Release|Any CPU
		{D284517A-AA5C-4CF3-AEB8-28B043379958}.Release|Any CPU.Build.0 = Release|Any CPU
		{B749EFD4-677D-4C08-8851-1A30F817882F}.Debug|Any CPU.ActiveCfg = Debug|Any CPU
		{B749EFD4-677D-4C08-8851-1A30F817882F}.Debug|Any CPU.Build.0 = Debug|Any CPU
		{B749EFD4-677D-4C08-8851-1A30F817882F}.Release|Any CPU.ActiveCfg = Release|Any CPU
		{B749EFD4-677D-4C08-8851-1A30F817882F}.Release|Any CPU.Build.0 = Release|Any CPU
	EndGlobalSection
	GlobalSection(SolutionProperties) = preSolution
		HideSolutionNode = FALSE
	EndGlobalSection
	GlobalSection(ExtensibilityGlobals) = postSolution
		SolutionGuid = {3896F7EE-2AD3-4431-BA88-58394ECF5C25}
	EndGlobalSection
EndGlobal
